
Microsoft Visual Studio Solution File, Format Version 12.00
# Visual Studio Version 17
VisualStudioVersion = 17.14.36414.22 d17.14
MinimumVisualStudioVersion = 10.0.40219.1
Project("{FAE04EC0-301F-11D3-BF4B-00C04F79EFBC}") = "task1", "task1\task1.csproj", "{6C28ECE5-F865-499A-9F8C-9FBFDC1A5F86}"
EndProject
Project("{FAE04EC0-301F-11D3-BF4B-00C04F79EFBC}") = "task_2", "task_2\task_2.csproj", "{74213304-1759-41D0-A7C3-B01B0554D1E2}"
EndProject
Global
	GlobalSection(SolutionConfigurationPlatforms) = preSolution
		Debug|Any CPU = Debug|Any CPU
		Release|Any CPU = Release|Any CPU
	EndGlobalSection
	GlobalSection(ProjectConfigurationPlatforms) = postSolution
		{6C28ECE5-F865-499A-9F8C-9FBFDC1A5F86}.Debug|Any CPU.ActiveCfg = Debug|Any CPU
		{6C28ECE5-F865-499A-9F8C-9FBFDC1A5F86}.Debug|Any CPU.Build.0 = Debug|Any CPU
		{6C28ECE5-F865-499A-9F8C-9FBFDC1A5F86}.Release|Any CPU.ActiveCfg = Release|Any CPU
		{6C28ECE5-F865-499A-9F8C-9FBFDC1A5F86}.Release|Any CPU.Build.0 = Release|Any CPU
		{74213304-1759-41D0-A7C3-B01B0554D1E2}.Debug|Any CPU.ActiveCfg = Debug|Any CPU
		{74213304-1759-41D0-A7C3-B01B0554D1E2}.Debug|Any CPU.Build.0 = Debug|Any CPU
		{74213304-1759-41D0-A7C3-B01B0554D1E2}.Release|Any CPU.ActiveCfg = Release|Any CPU
		{74213304-1759-41D0-A7C3-B01B0554D1E2}.Release|Any CPU.Build.0 = Release|Any CPU
	EndGlobalSection
	GlobalSection(SolutionProperties) = preSolution
		HideSolutionNode = FALSE
	EndGlobalSection
	GlobalSection(ExtensibilityGlobals) = postSolution
		SolutionGuid = {BA898C5B-775D-4098-8B70-6BE5CE502B26}
	EndGlobalSection
EndGlobal
